
Microsoft Visual Studio Solution File, Format Version 12.00
# Visual Studio 15
Project("{FAE04EC0-301F-11D3-BF4B-00C04F79EFBC}") = "EOS_calib", "EOS_calib\EOS_calib.csproj", "{2D99E93C-B0B3-49D2-A172-ACD2050694F4}"
EndProject
Global
	GlobalSection(SolutionConfigurationPlatforms) = preSolution
		Debug|iPhoneSimulator = Debug|iPhoneSimulator
		Release|iPhone = Release|iPhone
		Release|iPhoneSimulator = Release|iPhoneSimulator
		Debug|iPhone = Debug|iPhone
	EndGlobalSection
	GlobalSection(ProjectConfigurationPlatforms) = postSolution
		{2D99E93C-B0B3-49D2-A172-ACD2050694F4}.Debug|iPhoneSimulator.ActiveCfg = Debug|iPhoneSimulator
		{2D99E93C-B0B3-49D2-A172-ACD2050694F4}.Debug|iPhoneSimulator.Build.0 = Debug|iPhoneSimulator
		{2D99E93C-B0B3-49D2-A172-ACD2050694F4}.Release|iPhone.ActiveCfg = Release|iPhone
		{2D99E93C-B0B3-49D2-A172-ACD2050694F4}.Release|iPhone.Build.0 = Release|iPhone
		{2D99E93C-B0B3-49D2-A172-ACD2050694F4}.Release|iPhoneSimulator.ActiveCfg = Release|iPhoneSimulator
		{2D99E93C-B0B3-49D2-A172-ACD2050694F4}.Release|iPhoneSimulator.Build.0 = Release|iPhoneSimulator
		{2D99E93C-B0B3-49D2-A172-ACD2050694F4}.Debug|iPhone.ActiveCfg = Debug|iPhone
		{2D99E93C-B0B3-49D2-A172-ACD2050694F4}.Debug|iPhone.Build.0 = Debug|iPhone
	EndGlobalSection
EndGlobal
